
Microsoft Visual Studio Solution File, Format Version 12.00
# Visual Studio Version 17
VisualStudioVersion = 17.14.36127.28 d17.14
MinimumVisualStudioVersion = 10.0.40219.1
Project("{2150E333-8FDC-42A3-9474-1A3956D46DE8}") = "src", "src", "{02EA681E-C7D8-13C7-8484-4AC65E1B71E8}"
EndProject
Project("{FAE04EC0-301F-11D3-BF4B-00C04F79EFBC}") = "WebUI.Server", "WebUI.Server\WebUI.Server.csproj", "{436171DC-FDA0-496B-BD37-2D5E79758F7F}"
EndProject
Global
	GlobalSection(SolutionConfigurationPlatforms) = preSolution
		Debug|Any CPU = Debug|Any CPU
		Release|Any CPU = Release|Any CPU
	EndGlobalSection
	GlobalSection(ProjectConfigurationPlatforms) = postSolution
		{436171DC-FDA0-496B-BD37-2D5E79758F7F}.Debug|Any CPU.ActiveCfg = Debug|Any CPU
		{436171DC-FDA0-496B-BD37-2D5E79758F7F}.Debug|Any CPU.Build.0 = Debug|Any CPU
		{436171DC-FDA0-496B-BD37-2D5E79758F7F}.Release|Any CPU.ActiveCfg = Release|Any CPU
		{436171DC-FDA0-496B-BD37-2D5E79758F7F}.Release|Any CPU.Build.0 = Release|Any CPU
	EndGlobalSection
	GlobalSection(SolutionProperties) = preSolution
		HideSolutionNode = FALSE
	EndGlobalSection
	GlobalSection(NestedProjects) = preSolution
		{436171DC-FDA0-496B-BD37-2D5E79758F7F} = {02EA681E-C7D8-13C7-8484-4AC65E1B71E8}
	EndGlobalSection
	GlobalSection(ExtensibilityGlobals) = postSolution
		SolutionGuid = {DE15C147-A67B-420B-92D3-A49677DAC25A}
	EndGlobalSection
EndGlobal
